
Microsoft Visual Studio Solution File, Format Version 12.00
# Visual Studio Version 17
VisualStudioVersion = 17.11.35327.3
MinimumVisualStudioVersion = 10.0.40219.1
Project("{FAE04EC0-301F-11D3-BF4B-00C04F79EFBC}") = "OtusLinq", "OtusLinq\OtusLinq.csproj", "{64EBF5C8-FCC5-466A-BE43-E2588D02675B}"
EndProject
Global
	GlobalSection(SolutionConfigurationPlatforms) = preSolution
		Debug|Any CPU = Debug|Any CPU
		Release|Any CPU = Release|Any CPU
	EndGlobalSection
	GlobalSection(ProjectConfigurationPlatforms) = postSolution
		{64EBF5C8-FCC5-466A-BE43-E2588D02675B}.Debug|Any CPU.ActiveCfg = Debug|Any CPU
		{64EBF5C8-FCC5-466A-BE43-E2588D02675B}.Debug|Any CPU.Build.0 = Debug|Any CPU
		{64EBF5C8-FCC5-466A-BE43-E2588D02675B}.Release|Any CPU.ActiveCfg = Release|Any CPU
		{64EBF5C8-FCC5-466A-BE43-E2588D02675B}.Release|Any CPU.Build.0 = Release|Any CPU
	EndGlobalSection
	GlobalSection(SolutionProperties) = preSolution
		HideSolutionNode = FALSE
	EndGlobalSection
	GlobalSection(ExtensibilityGlobals) = postSolution
		SolutionGuid = {154C606E-08A8-44C5-B6B9-C298CC2E2060}
	EndGlobalSection
EndGlobal
